
Microsoft Visual Studio Solution File, Format Version 12.00
# Visual Studio Version 17
VisualStudioVersion = 17.11.35327.3
MinimumVisualStudioVersion = 10.0.40219.1
Project("{FAE04EC0-301F-11D3-BF4B-00C04F79EFBC}") = "SportsStore", "SportsStore\SportsStore.csproj", "{44A5A898-D201-4F62-BA86-07654B91FD78}"
EndProject
Project("{FAE04EC0-301F-11D3-BF4B-00C04F79EFBC}") = "SportsStore.Test", "SportsStore.Test\SportsStore.Test.csproj", "{CDA102E3-A5E9-4716-9FA7-D446AE6AFECF}"
EndProject
Global
	GlobalSection(SolutionConfigurationPlatforms) = preSolution
		Debug|Any CPU = Debug|Any CPU
		Release|Any CPU = Release|Any CPU
	EndGlobalSection
	GlobalSection(ProjectConfigurationPlatforms) = postSolution
		{44A5A898-D201-4F62-BA86-07654B91FD78}.Debug|Any CPU.ActiveCfg = Debug|Any CPU
		{44A5A898-D201-4F62-BA86-07654B91FD78}.Debug|Any CPU.Build.0 = Debug|Any CPU
		{44A5A898-D201-4F62-BA86-07654B91FD78}.Release|Any CPU.ActiveCfg = Release|Any CPU
		{44A5A898-D201-4F62-BA86-07654B91FD78}.Release|Any CPU.Build.0 = Release|Any CPU
		{CDA102E3-A5E9-4716-9FA7-D446AE6AFECF}.Debug|Any CPU.ActiveCfg = Debug|Any CPU
		{CDA102E3-A5E9-4716-9FA7-D446AE6AFECF}.Debug|Any CPU.Build.0 = Debug|Any CPU
		{CDA102E3-A5E9-4716-9FA7-D446AE6AFECF}.Release|Any CPU.ActiveCfg = Release|Any CPU
		{CDA102E3-A5E9-4716-9FA7-D446AE6AFECF}.Release|Any CPU.Build.0 = Release|Any CPU
	EndGlobalSection
	GlobalSection(SolutionProperties) = preSolution
		HideSolutionNode = FALSE
	EndGlobalSection
	GlobalSection(ExtensibilityGlobals) = postSolution
		SolutionGuid = {46403E06-5FB5-404A-AD86-7E2548FE8A04}
	EndGlobalSection
EndGlobal
